
Microsoft Visual Studio Solution File, Format Version 12.00
# Visual Studio Version 17
VisualStudioVersion = 17.8.34309.116
MinimumVisualStudioVersion = 10.0.40219.1
Project("{FAE04EC0-301F-11D3-BF4B-00C04F79EFBC}") = "ElAbuelo", "ElAbuelo\ElAbuelo.csproj", "{F1B4D3F6-EF9D-4F10-A30C-3607457EA5A3}"
EndProject
Global
	GlobalSection(SolutionConfigurationPlatforms) = preSolution
		Debug|Any CPU = Debug|Any CPU
		Release|Any CPU = Release|Any CPU
	EndGlobalSection
	GlobalSection(ProjectConfigurationPlatforms) = postSolution
		{F1B4D3F6-EF9D-4F10-A30C-3607457EA5A3}.Debug|Any CPU.ActiveCfg = Debug|Any CPU
		{F1B4D3F6-EF9D-4F10-A30C-3607457EA5A3}.Debug|Any CPU.Build.0 = Debug|Any CPU
		{F1B4D3F6-EF9D-4F10-A30C-3607457EA5A3}.Release|Any CPU.ActiveCfg = Release|Any CPU
		{F1B4D3F6-EF9D-4F10-A30C-3607457EA5A3}.Release|Any CPU.Build.0 = Release|Any CPU
	EndGlobalSection
	GlobalSection(SolutionProperties) = preSolution
		HideSolutionNode = FALSE
	EndGlobalSection
	GlobalSection(ExtensibilityGlobals) = postSolution
		SolutionGuid = {9A61FF28-E342-4188-9481-1414EA80DCC8}
	EndGlobalSection
EndGlobal
